<?xml version="1.0" encoding="utf-8"?>
<Project ToolsVersion="4.0" xmlns="http://schemas.microsoft.com/developer/msbuild/2003">
  <ItemGroup>
    <ClInclude Include="pch.h">
      <Filter>etc</Filter>
    </ClInclude>
    <ClInclude Include="defines.hpp">
      <Filter>etc</Filter>
    </ClInclude>
    <ClInclude Include="Server.hpp">
      <Filter>NetworkIO</Filter>
    </ClInclude>
    <ClInclude Include="Session.hpp">
      <Filter>NetworkIO</Filter>
    </ClInclude>
    <ClInclude Include="structs.hpp">
      <Filter>etc</Filter>
    </ClInclude>
    <ClInclude Include="Player.hpp">
      <Filter>Player</Filter>
    </ClInclude>
    <ClInclude Include="GameRoomManager.hpp">
      <Filter>GameRoom</Filter>
    </ClInclude>
    <ClInclude Include="RedisManager.hpp">
      <Filter>NetworkIO</Filter>
    </ClInclude>
    <ClInclude Include="helpers.hpp">
      <Filter>etc</Filter>
    </ClInclude>
  </ItemGroup>
  <ItemGroup>
    <ClCompile Include="pch.cpp">
      <Filter>etc</Filter>
    </ClCompile>
    <ClCompile Include="Server.cpp">
      <Filter>NetworkIO</Filter>
    </ClCompile>
    <ClCompile Include="Session.cpp">
      <Filter>NetworkIO</Filter>
    </ClCompile>
    <ClCompile Include="Player.cpp">
      <Filter>Player</Filter>
    </ClCompile>
    <ClCompile Include="GameRoomManager.cpp">
      <Filter>GameRoom</Filter>
    </ClCompile>
    <ClCompile Include="RedisManager.cpp">
      <Filter>NetworkIO</Filter>
    </ClCompile>
  </ItemGroup>
  <ItemGroup>
    <Filter Include="etc">
      <UniqueIdentifier>{ae501ddb-86ff-4239-afd9-65ac320daccd}</UniqueIdentifier>
    </Filter>
    <Filter Include="NetworkIO">
      <UniqueIdentifier>{6d39191a-cfa4-47e2-beba-6835e58df6a8}</UniqueIdentifier>
    </Filter>
    <Filter Include="Player">
      <UniqueIdentifier>{cb5d8d1b-3077-4085-a07c-595cc26888b1}</UniqueIdentifier>
    </Filter>
    <Filter Include="GameRoom">
      <UniqueIdentifier>{2d136b7a-cdb3-4337-8331-86022dff344b}</UniqueIdentifier>
    </Filter>
  </ItemGroup>
  <ItemGroup>
    <None Include="config\config.json" />
  </ItemGroup>
</Project>